
Microsoft Visual Studio Solution File, Format Version 12.00
# Visual Studio Version 16
VisualStudioVersion = 16.0.30621.155
MinimumVisualStudioVersion = 10.0.40219.1
Project("{FAE04EC0-301F-11D3-BF4B-00C04F79EFBC}") = "WpfApp", "WpfApp.csproj", "{8D163F2A-7127-4BFC-8861-0E239BBF5FF3}"
EndProject
Global
	GlobalSection(SolutionConfigurationPlatforms) = preSolution
		Debug|Any CPU = Debug|Any CPU
		Release|Any CPU = Release|Any CPU
	EndGlobalSection
	GlobalSection(ProjectConfigurationPlatforms) = postSolution
		{8D163F2A-7127-4BFC-8861-0E239BBF5FF3}.Debug|Any CPU.ActiveCfg = Debug|Any CPU
		{8D163F2A-7127-4BFC-8861-0E239BBF5FF3}.Debug|Any CPU.Build.0 = Debug|Any CPU
		{8D163F2A-7127-4BFC-8861-0E239BBF5FF3}.Release|Any CPU.ActiveCfg = Release|Any CPU
		{8D163F2A-7127-4BFC-8861-0E239BBF5FF3}.Release|Any CPU.Build.0 = Release|Any CPU
	EndGlobalSection
	GlobalSection(SolutionProperties) = preSolution
		HideSolutionNode = FALSE
	EndGlobalSection
	GlobalSection(ExtensibilityGlobals) = postSolution
		SolutionGuid = {48FFEE5A-5CCC-4039-A782-4F0EE5B8E09F}
	EndGlobalSection
EndGlobal
